// !$*UTF8*$!
{
	archiveVersion = 1;
	classes = {
	};
	objectVersion = 56;
	objects = {

/* Begin PBXBuildFile section */
		A1304E672B89C0360078A240 /* NewsApp.swift in Sources */ = {isa = PBXBuildFile; fileRef = A1304E662B89C0360078A240 /* NewsApp.swift */; };
		A1304E692B89C0360078A240 /* ContentView.swift in Sources */ = {isa = PBXBuildFile; fileRef = A1304E682B89C0360078A240 /* ContentView.swift */; };
		A1304E6B2B89C0380078A240 /* Assets.xcassets in Resources */ = {isa = PBXBuildFile; fileRef = A1304E6A2B89C0380078A240 /* Assets.xcassets */; };
		A1304E6E2B89C0380078A240 /* Preview Assets.xcassets in Resources */ = {isa = PBXBuildFile; fileRef = A1304E6D2B89C0380078A240 /* Preview Assets.xcassets */; };
		A1304E782B89C3990078A240 /* Article.swift in Sources */ = {isa = PBXBuildFile; fileRef = A1304E772B89C3990078A240 /* Article.swift */; };
		A1304E7A2B89C54A0078A240 /* News.swift in Sources */ = {isa = PBXBuildFile; fileRef = A1304E792B89C54A0078A240 /* News.swift */; };
		A1304E862B89E3C40078A240 /* NewsDataService.swift in Sources */ = {isa = PBXBuildFile; fileRef = A1304E852B89E3C40078A240 /* NewsDataService.swift */; };
		A1304E892B89E3DA0078A240 /* MockNewsService.swift in Sources */ = {isa = PBXBuildFile; fileRef = A1304E882B89E3DA0078A240 /* MockNewsService.swift */; };
		A1304E8D2B89E4A40078A240 /* HTTPDataDownloader.swift in Sources */ = {isa = PBXBuildFile; fileRef = A1304E8C2B89E4A40078A240 /* HTTPDataDownloader.swift */; };
		A1304E8F2B89E52A0078A240 /* NewsAPIError.swift in Sources */ = {isa = PBXBuildFile; fileRef = A1304E8E2B89E52A0078A240 /* NewsAPIError.swift */; };
		A1304E932B89E7AD0078A240 /* NewsViewModel.swift in Sources */ = {isa = PBXBuildFile; fileRef = A1304E922B89E7AD0078A240 /* NewsViewModel.swift */; };
		A1304E982B89F9DB0078A240 /* HelperFunctions.swift in Sources */ = {isa = PBXBuildFile; fileRef = A1304E972B89F9DB0078A240 /* HelperFunctions.swift */; };
		A1304E9C2B89FA710078A240 /* Tabs.swift in Sources */ = {isa = PBXBuildFile; fileRef = A1304E9B2B89FA710078A240 /* Tabs.swift */; };
		A1304E9E2B89FA9D0078A240 /* TabBarButtonView.swift in Sources */ = {isa = PBXBuildFile; fileRef = A1304E9D2B89FA9D0078A240 /* TabBarButtonView.swift */; };
		A1304EA02B89FAA70078A240 /* CustomTabBarView.swift in Sources */ = {isa = PBXBuildFile; fileRef = A1304E9F2B89FAA70078A240 /* CustomTabBarView.swift */; };
		A1304EA32B89FED40078A240 /* ArticleListView.swift in Sources */ = {isa = PBXBuildFile; fileRef = A1304EA22B89FED40078A240 /* ArticleListView.swift */; };
		A1304EA52B8A08C80078A240 /* ArticleBookmarkViewModel.swift in Sources */ = {isa = PBXBuildFile; fileRef = A1304EA42B8A08C80078A240 /* ArticleBookmarkViewModel.swift */; };
		A1304EA72B8A13D80078A240 /* Constants.swift in Sources */ = {isa = PBXBuildFile; fileRef = A1304EA62B8A13D80078A240 /* Constants.swift */; };
		A1484B6D2B8B5471006106C5 /* AuthError.swift in Sources */ = {isa = PBXBuildFile; fileRef = A1484B6C2B8B5471006106C5 /* AuthError.swift */; };
		A1484B6F2B8B5505006106C5 /* RootView.swift in Sources */ = {isa = PBXBuildFile; fileRef = A1484B6E2B8B5505006106C5 /* RootView.swift */; };
		A1484B7A2B8B615E006106C5 /* NewsModifiers.swift in Sources */ = {isa = PBXBuildFile; fileRef = A1484B792B8B615E006106C5 /* NewsModifiers.swift */; };
		A1484B7C2B8B6463006106C5 /* Auth.swift in Sources */ = {isa = PBXBuildFile; fileRef = A1484B7B2B8B6463006106C5 /* Auth.swift */; };
		A14E716B2B8AFB5700903ED7 /* ImageCache.swift in Sources */ = {isa = PBXBuildFile; fileRef = A14E716A2B8AFB5700903ED7 /* ImageCache.swift */; };
		A14E71722B8B15A700903ED7 /* String+Extensions.swift in Sources */ = {isa = PBXBuildFile; fileRef = A14E71712B8B15A700903ED7 /* String+Extensions.swift */; };
		A14E717F2B8B275100903ED7 /* NewsAppTests.swift in Sources */ = {isa = PBXBuildFile; fileRef = A14E717E2B8B275100903ED7 /* NewsAppTests.swift */; };
		A14E71862B8B279600903ED7 /* TestData.swift in Sources */ = {isa = PBXBuildFile; fileRef = A14E71852B8B279600903ED7 /* TestData.swift */; };
		A14E71872B8B279600903ED7 /* TestData.swift in Sources */ = {isa = PBXBuildFile; fileRef = A14E71852B8B279600903ED7 /* TestData.swift */; };
		A14E718D2B8B408100903ED7 /* CoreData.xcdatamodeld in Sources */ = {isa = PBXBuildFile; fileRef = A14E718B2B8B408100903ED7 /* CoreData.xcdatamodeld */; };
		A14E71A82B8B452200903ED7 /* Persistance.swift in Sources */ = {isa = PBXBuildFile; fileRef = A14E71A72B8B452200903ED7 /* Persistance.swift */; };
		A14E71B52B8B464C00903ED7 /* SignUpView.swift in Sources */ = {isa = PBXBuildFile; fileRef = A14E71B42B8B464C00903ED7 /* SignUpView.swift */; };
		A14E71C02B8B4B0400903ED7 /* AuthViewModel.swift in Sources */ = {isa = PBXBuildFile; fileRef = A14E71BF2B8B4B0400903ED7 /* AuthViewModel.swift */; };
		A14E71C42B8B516B00903ED7 /* LoginView.swift in Sources */ = {isa = PBXBuildFile; fileRef = A14E71C32B8B516B00903ED7 /* LoginView.swift */; };
		A1533C1C2B8A298500455DB1 /* BookmarkTabView.swift in Sources */ = {isa = PBXBuildFile; fileRef = A1533C1B2B8A298500455DB1 /* BookmarkTabView.swift */; };
		A1533C1E2B8A29F300455DB1 /* EmptyPlaceholderView.swift in Sources */ = {isa = PBXBuildFile; fileRef = A1533C1D2B8A29F300455DB1 /* EmptyPlaceholderView.swift */; };
		A1533C202B8A2CC600455DB1 /* ArticleRowView.swift in Sources */ = {isa = PBXBuildFile; fileRef = A1533C1F2B8A2CC600455DB1 /* ArticleRowView.swift */; };
		A1533C222B8A356300455DB1 /* NewsTabView.swift in Sources */ = {isa = PBXBuildFile; fileRef = A1533C212B8A356300455DB1 /* NewsTabView.swift */; };
		A1533C262B8A373D00455DB1 /* DetailArticleView.swift in Sources */ = {isa = PBXBuildFile; fileRef = A1533C252B8A373D00455DB1 /* DetailArticleView.swift */; };
		A17CD8EB2B8A4B1D00D97DDA /* ImageLoader.swift in Sources */ = {isa = PBXBuildFile; fileRef = A17CD8EA2B8A4B1D00D97DDA /* ImageLoader.swift */; };
		A17CD8ED2B8A4C1B00D97DDA /* NewsImageLoader.swift in Sources */ = {isa = PBXBuildFile; fileRef = A17CD8EC2B8A4C1B00D97DDA /* NewsImageLoader.swift */; };
		A1BA55D32B8B844A0011545F /* ArticlesData+CoreDataClass.swift in Sources */ = {isa = PBXBuildFile; fileRef = A1BA55CF2B8B844A0011545F /* ArticlesData+CoreDataClass.swift */; };
		A1BA55D42B8B844A0011545F /* ArticlesData+CoreDataProperties.swift in Sources */ = {isa = PBXBuildFile; fileRef = A1BA55D02B8B844A0011545F /* ArticlesData+CoreDataProperties.swift */; };
		A1BA55D52B8B844A0011545F /* PersonData+CoreDataClass.swift in Sources */ = {isa = PBXBuildFile; fileRef = A1BA55D12B8B844A0011545F /* PersonData+CoreDataClass.swift */; };
		A1BA55D62B8B844A0011545F /* PersonData+CoreDataProperties.swift in Sources */ = {isa = PBXBuildFile; fileRef = A1BA55D22B8B844A0011545F /* PersonData+CoreDataProperties.swift */; };
/* End PBXBuildFile section */

/* Begin PBXContainerItemProxy section */
		A14E71802B8B275100903ED7 /* PBXContainerItemProxy */ = {
			isa = PBXContainerItemProxy;
			containerPortal = A1304E5B2B89C0360078A240 /* Project object */;
			proxyType = 1;
			remoteGlobalIDString = A1304E622B89C0360078A240;
			remoteInfo = NewsApp;
		};
/* End PBXContainerItemProxy section */

/* Begin PBXFileReference section */
		A1304E632B89C0360078A240 /* NewsApp.app */ = {isa = PBXFileReference; explicitFileType = wrapper.application; includeInIndex = 0; path = NewsApp.app; sourceTree = BUILT_PRODUCTS_DIR; };
		A1304E662B89C0360078A240 /* NewsApp.swift */ = {isa = PBXFileReference; lastKnownFileType = sourcecode.swift; path = NewsApp.swift; sourceTree = "<group>"; };
		A1304E682B89C0360078A240 /* ContentView.swift */ = {isa = PBXFileReference; lastKnownFileType = sourcecode.swift; path = ContentView.swift; sourceTree = "<group>"; };
		A1304E6A2B89C0380078A240 /* Assets.xcassets */ = {isa = PBXFileReference; lastKnownFileType = folder.assetcatalog; path = Assets.xcassets; sourceTree = "<group>"; };
		A1304E6D2B89C0380078A240 /* Preview Assets.xcassets */ = {isa = PBXFileReference; lastKnownFileType = folder.assetcatalog; path = "Preview Assets.xcassets"; sourceTree = "<group>"; };
		A1304E772B89C3990078A240 /* Article.swift */ = {isa = PBXFileReference; lastKnownFileType = sourcecode.swift; path = Article.swift; sourceTree = "<group>"; };
		A1304E792B89C54A0078A240 /* News.swift */ = {isa = PBXFileReference; lastKnownFileType = sourcecode.swift; path = News.swift; sourceTree = "<group>"; };
		A1304E852B89E3C40078A240 /* NewsDataService.swift */ = {isa = PBXFileReference; lastKnownFileType = sourcecode.swift; path = NewsDataService.swift; sourceTree = "<group>"; };
		A1304E882B89E3DA0078A240 /* MockNewsService.swift */ = {isa = PBXFileReference; lastKnownFileType = sourcecode.swift; path = MockNewsService.swift; sourceTree = "<group>"; };
		A1304E8C2B89E4A40078A240 /* HTTPDataDownloader.swift */ = {isa = PBXFileReference; lastKnownFileType = sourcecode.swift; path = HTTPDataDownloader.swift; sourceTree = "<group>"; };
		A1304E8E2B89E52A0078A240 /* NewsAPIError.swift */ = {isa = PBXFileReference; lastKnownFileType = sourcecode.swift; path = NewsAPIError.swift; sourceTree = "<group>"; };
		A1304E922B89E7AD0078A240 /* NewsViewModel.swift */ = {isa = PBXFileReference; lastKnownFileType = sourcecode.swift; path = NewsViewModel.swift; sourceTree = "<group>"; };
		A1304E972B89F9DB0078A240 /* HelperFunctions.swift */ = {isa = PBXFileReference; lastKnownFileType = sourcecode.swift; path = HelperFunctions.swift; sourceTree = "<group>"; };
		A1304E9B2B89FA710078A240 /* Tabs.swift */ = {isa = PBXFileReference; lastKnownFileType = sourcecode.swift; path = Tabs.swift; sourceTree = "<group>"; };
		A1304E9D2B89FA9D0078A240 /* TabBarButtonView.swift */ = {isa = PBXFileReference; lastKnownFileType = sourcecode.swift; path = TabBarButtonView.swift; sourceTree = "<group>"; };
		A1304E9F2B89FAA70078A240 /* CustomTabBarView.swift */ = {isa = PBXFileReference; lastKnownFileType = sourcecode.swift; path = CustomTabBarView.swift; sourceTree = "<group>"; };
		A1304EA22B89FED40078A240 /* ArticleListView.swift */ = {isa = PBXFileReference; lastKnownFileType = sourcecode.swift; path = ArticleListView.swift; sourceTree = "<group>"; };
		A1304EA42B8A08C80078A240 /* ArticleBookmarkViewModel.swift */ = {isa = PBXFileReference; lastKnownFileType = sourcecode.swift; path = ArticleBookmarkViewModel.swift; sourceTree = "<group>"; };
		A1304EA62B8A13D80078A240 /* Constants.swift */ = {isa = PBXFileReference; lastKnownFileType = sourcecode.swift; path = Constants.swift; sourceTree = "<group>"; };
		A1484B6C2B8B5471006106C5 /* AuthError.swift */ = {isa = PBXFileReference; lastKnownFileType = sourcecode.swift; path = AuthError.swift; sourceTree = "<group>"; };
		A1484B6E2B8B5505006106C5 /* RootView.swift */ = {isa = PBXFileReference; lastKnownFileType = sourcecode.swift; path = RootView.swift; sourceTree = "<group>"; };
		A1484B792B8B615E006106C5 /* NewsModifiers.swift */ = {isa = PBXFileReference; lastKnownFileType = sourcecode.swift; path = NewsModifiers.swift; sourceTree = "<group>"; };
		A1484B7B2B8B6463006106C5 /* Auth.swift */ = {isa = PBXFileReference; lastKnownFileType = sourcecode.swift; path = Auth.swift; sourceTree = "<group>"; };
		A14E716A2B8AFB5700903ED7 /* ImageCache.swift */ = {isa = PBXFileReference; lastKnownFileType = sourcecode.swift; path = ImageCache.swift; sourceTree = "<group>"; };
		A14E71712B8B15A700903ED7 /* String+Extensions.swift */ = {isa = PBXFileReference; lastKnownFileType = sourcecode.swift; path = "String+Extensions.swift"; sourceTree = "<group>"; };
		A14E717C2B8B275100903ED7 /* NewsAppTests.xctest */ = {isa = PBXFileReference; explicitFileType = wrapper.cfbundle; includeInIndex = 0; path = NewsAppTests.xctest; sourceTree = BUILT_PRODUCTS_DIR; };
		A14E717E2B8B275100903ED7 /* NewsAppTests.swift */ = {isa = PBXFileReference; lastKnownFileType = sourcecode.swift; path = NewsAppTests.swift; sourceTree = "<group>"; };
		A14E71852B8B279600903ED7 /* TestData.swift */ = {isa = PBXFileReference; lastKnownFileType = sourcecode.swift; path = TestData.swift; sourceTree = "<group>"; };
		A14E718C2B8B408100903ED7 /* CoreData.xcdatamodel */ = {isa = PBXFileReference; lastKnownFileType = wrapper.xcdatamodel; path = CoreData.xcdatamodel; sourceTree = "<group>"; };
		A14E71A72B8B452200903ED7 /* Persistance.swift */ = {isa = PBXFileReference; lastKnownFileType = sourcecode.swift; path = Persistance.swift; sourceTree = "<group>"; };
		A14E71B42B8B464C00903ED7 /* SignUpView.swift */ = {isa = PBXFileReference; lastKnownFileType = sourcecode.swift; path = SignUpView.swift; sourceTree = "<group>"; };
		A14E71BF2B8B4B0400903ED7 /* AuthViewModel.swift */ = {isa = PBXFileReference; lastKnownFileType = sourcecode.swift; path = AuthViewModel.swift; sourceTree = "<group>"; };
		A14E71C32B8B516B00903ED7 /* LoginView.swift */ = {isa = PBXFileReference; lastKnownFileType = sourcecode.swift; path = LoginView.swift; sourceTree = "<group>"; };
		A1533C1B2B8A298500455DB1 /* BookmarkTabView.swift */ = {isa = PBXFileReference; lastKnownFileType = sourcecode.swift; path = BookmarkTabView.swift; sourceTree = "<group>"; };
		A1533C1D2B8A29F300455DB1 /* EmptyPlaceholderView.swift */ = {isa = PBXFileReference; lastKnownFileType = sourcecode.swift; path = EmptyPlaceholderView.swift; sourceTree = "<group>"; };
		A1533C1F2B8A2CC600455DB1 /* ArticleRowView.swift */ = {isa = PBXFileReference; lastKnownFileType = sourcecode.swift; path = ArticleRowView.swift; sourceTree = "<group>"; };
		A1533C212B8A356300455DB1 /* NewsTabView.swift */ = {isa = PBXFileReference; lastKnownFileType = sourcecode.swift; path = NewsTabView.swift; sourceTree = "<group>"; };
		A1533C252B8A373D00455DB1 /* DetailArticleView.swift */ = {isa = PBXFileReference; lastKnownFileType = sourcecode.swift; path = DetailArticleView.swift; sourceTree = "<group>"; };
		A17CD8EA2B8A4B1D00D97DDA /* ImageLoader.swift */ = {isa = PBXFileReference; lastKnownFileType = sourcecode.swift; path = ImageLoader.swift; sourceTree = "<group>"; };
		A17CD8EC2B8A4C1B00D97DDA /* NewsImageLoader.swift */ = {isa = PBXFileReference; lastKnownFileType = sourcecode.swift; path = NewsImageLoader.swift; sourceTree = "<group>"; };
		A1BA55CF2B8B844A0011545F /* ArticlesData+CoreDataClass.swift */ = {isa = PBXFileReference; lastKnownFileType = sourcecode.swift; path = "ArticlesData+CoreDataClass.swift"; sourceTree = "<group>"; };
		A1BA55D02B8B844A0011545F /* ArticlesData+CoreDataProperties.swift */ = {isa = PBXFileReference; lastKnownFileType = sourcecode.swift; path = "ArticlesData+CoreDataProperties.swift"; sourceTree = "<group>"; };
		A1BA55D12B8B844A0011545F /* PersonData+CoreDataClass.swift */ = {isa = PBXFileReference; lastKnownFileType = sourcecode.swift; path = "PersonData+CoreDataClass.swift"; sourceTree = "<group>"; };
		A1BA55D22B8B844A0011545F /* PersonData+CoreDataProperties.swift */ = {isa = PBXFileReference; lastKnownFileType = sourcecode.swift; path = "PersonData+CoreDataProperties.swift"; sourceTree = "<group>"; };
/* End PBXFileReference section */

/* Begin PBXFrameworksBuildPhase section */
		A1304E602B89C0360078A240 /* Frameworks */ = {
			isa = PBXFrameworksBuildPhase;
			buildActionMask = 2147483647;
			files = (
			);
			runOnlyForDeploymentPostprocessing = 0;
		};
		A14E71792B8B275100903ED7 /* Frameworks */ = {
			isa = PBXFrameworksBuildPhase;
			buildActionMask = 2147483647;
			files = (
			);
			runOnlyForDeploymentPostprocessing = 0;
		};
/* End PBXFrameworksBuildPhase section */

/* Begin PBXGroup section */
		A1304E5A2B89C0360078A240 = {
			isa = PBXGroup;
			children = (
				A1304E652B89C0360078A240 /* NewsApp */,
				A14E717D2B8B275100903ED7 /* NewsAppTests */,
				A1304E642B89C0360078A240 /* Products */,
			);
			sourceTree = "<group>";
		};
		A1304E642B89C0360078A240 /* Products */ = {
			isa = PBXGroup;
			children = (
				A1304E632B89C0360078A240 /* NewsApp.app */,
				A14E717C2B8B275100903ED7 /* NewsAppTests.xctest */,
			);
			name = Products;
			sourceTree = "<group>";
		};
		A1304E652B89C0360078A240 /* NewsApp */ = {
			isa = PBXGroup;
			children = (
				A1304E7F2B89E2370078A240 /* App */,
				A1304E802B89E2420078A240 /* Core */,
				A1304E8A2B89E4750078A240 /* Shared */,
				A14E71702B8B158400903ED7 /* Extensions */,
				A14E719E2B8B42B400903ED7 /* Models */,
				A1304E962B89F9CC0078A240 /* Utils */,
				A1304E6A2B89C0380078A240 /* Assets.xcassets */,
				A1304E6C2B89C0380078A240 /* Preview Content */,
				A14E718B2B8B408100903ED7 /* CoreData.xcdatamodeld */,
			);
			path = NewsApp;
			sourceTree = "<group>";
		};
		A1304E6C2B89C0380078A240 /* Preview Content */ = {
			isa = PBXGroup;
			children = (
				A1304E6D2B89C0380078A240 /* Preview Assets.xcassets */,
			);
			path = "Preview Content";
			sourceTree = "<group>";
		};
		A1304E762B89C3900078A240 /* Model */ = {
			isa = PBXGroup;
			children = (
				A1304E772B89C3990078A240 /* Article.swift */,
				A1304E792B89C54A0078A240 /* News.swift */,
				A1304E8E2B89E52A0078A240 /* NewsAPIError.swift */,
			);
			path = Model;
			sourceTree = "<group>";
		};
		A1304E7F2B89E2370078A240 /* App */ = {
			isa = PBXGroup;
			children = (
				A1304E662B89C0360078A240 /* NewsApp.swift */,
			);
			path = App;
			sourceTree = "<group>";
		};
		A1304E802B89E2420078A240 /* Core */ = {
			isa = PBXGroup;
			children = (
				A14E71B22B8B463700903ED7 /* Authentication */,
				A1304EA12B89FE8B0078A240 /* Root */,
				A1304E812B89E2840078A240 /* AllNews */,
				A14E716C2B8AFDC100903ED7 /* Bookmark */,
				A1304E992B89FA530078A240 /* TabBar */,
				A1304E842B89E3AB0078A240 /* Service */,
			);
			path = Core;
			sourceTree = "<group>";
		};
		A1304E812B89E2840078A240 /* AllNews */ = {
			isa = PBXGroup;
			children = (
				A1304E912B89E7930078A240 /* View */,
				A1304E902B89E7870078A240 /* ViewModel */,
				A1304E762B89C3900078A240 /* Model */,
			);
			path = AllNews;
			sourceTree = "<group>";
		};
		A1304E842B89E3AB0078A240 /* Service */ = {
			isa = PBXGroup;
			children = (
				A1304E852B89E3C40078A240 /* NewsDataService.swift */,
				A1304E882B89E3DA0078A240 /* MockNewsService.swift */,
			);
			path = Service;
			sourceTree = "<group>";
		};
		A1304E8A2B89E4750078A240 /* Shared */ = {
			isa = PBXGroup;
			children = (
				A1304E8B2B89E4880078A240 /* API */,
				A17CD8E92B8A4B0A00D97DDA /* Images */,
			);
			path = Shared;
			sourceTree = "<group>";
		};
		A1304E8B2B89E4880078A240 /* API */ = {
			isa = PBXGroup;
			children = (
				A1304E8C2B89E4A40078A240 /* HTTPDataDownloader.swift */,
			);
			path = API;
			sourceTree = "<group>";
		};
		A1304E902B89E7870078A240 /* ViewModel */ = {
			isa = PBXGroup;
			children = (
				A1304E922B89E7AD0078A240 /* NewsViewModel.swift */,
			);
			path = ViewModel;
			sourceTree = "<group>";
		};
		A1304E912B89E7930078A240 /* View */ = {
			isa = PBXGroup;
			children = (
				A1533C212B8A356300455DB1 /* NewsTabView.swift */,
				A1533C252B8A373D00455DB1 /* DetailArticleView.swift */,
			);
			path = View;
			sourceTree = "<group>";
		};
		A1304E962B89F9CC0078A240 /* Utils */ = {
			isa = PBXGroup;
			children = (
				A1484B782B8B6154006106C5 /* Modifiers */,
				A14E716F2B8AFE2400903ED7 /* ReusableItems */,
				A1304E9A2B89FA6C0078A240 /* Enum */,
				A1304E972B89F9DB0078A240 /* HelperFunctions.swift */,
				A1304EA62B8A13D80078A240 /* Constants.swift */,
				A14E71A72B8B452200903ED7 /* Persistance.swift */,
			);
			path = Utils;
			sourceTree = "<group>";
		};
		A1304E992B89FA530078A240 /* TabBar */ = {
			isa = PBXGroup;
			children = (
				A1304E9D2B89FA9D0078A240 /* TabBarButtonView.swift */,
				A1304E9F2B89FAA70078A240 /* CustomTabBarView.swift */,
			);
			path = TabBar;
			sourceTree = "<group>";
		};
		A1304E9A2B89FA6C0078A240 /* Enum */ = {
			isa = PBXGroup;
			children = (
				A1304E9B2B89FA710078A240 /* Tabs.swift */,
				A1484B6C2B8B5471006106C5 /* AuthError.swift */,
				A1484B7B2B8B6463006106C5 /* Auth.swift */,
			);
			path = Enum;
			sourceTree = "<group>";
		};
		A1304EA12B89FE8B0078A240 /* Root */ = {
			isa = PBXGroup;
			children = (
				A1484B6E2B8B5505006106C5 /* RootView.swift */,
				A1304E682B89C0360078A240 /* ContentView.swift */,
			);
			path = Root;
			sourceTree = "<group>";
		};
		A1484B782B8B6154006106C5 /* Modifiers */ = {
			isa = PBXGroup;
			children = (
				A1484B792B8B615E006106C5 /* NewsModifiers.swift */,
			);
			path = Modifiers;
			sourceTree = "<group>";
		};
		A14E716C2B8AFDC100903ED7 /* Bookmark */ = {
			isa = PBXGroup;
			children = (
				A14E716D2B8AFDD000903ED7 /* View */,
				A14E716E2B8AFDD300903ED7 /* ViewModel */,
			);
			path = Bookmark;
			sourceTree = "<group>";
		};
		A14E716D2B8AFDD000903ED7 /* View */ = {
			isa = PBXGroup;
			children = (
				A1533C1B2B8A298500455DB1 /* BookmarkTabView.swift */,
			);
			path = View;
			sourceTree = "<group>";
		};
		A14E716E2B8AFDD300903ED7 /* ViewModel */ = {
			isa = PBXGroup;
			children = (
				A1304EA42B8A08C80078A240 /* ArticleBookmarkViewModel.swift */,
			);
			path = ViewModel;
			sourceTree = "<group>";
		};
		A14E716F2B8AFE2400903ED7 /* ReusableItems */ = {
			isa = PBXGroup;
			children = (
				A1533C1F2B8A2CC600455DB1 /* ArticleRowView.swift */,
				A1533C1D2B8A29F300455DB1 /* EmptyPlaceholderView.swift */,
				A1304EA22B89FED40078A240 /* ArticleListView.swift */,
			);
			path = ReusableItems;
			sourceTree = "<group>";
		};
		A14E71702B8B158400903ED7 /* Extensions */ = {
			isa = PBXGroup;
			children = (
				A14E71712B8B15A700903ED7 /* String+Extensions.swift */,
			);
			path = Extensions;
			sourceTree = "<group>";
		};
		A14E717D2B8B275100903ED7 /* NewsAppTests */ = {
			isa = PBXGroup;
			children = (
				A14E717E2B8B275100903ED7 /* NewsAppTests.swift */,
				A14E71852B8B279600903ED7 /* TestData.swift */,
			);
			path = NewsAppTests;
			sourceTree = "<group>";
		};
		A14E719E2B8B42B400903ED7 /* Models */ = {
			isa = PBXGroup;
			children = (
				A1BA55CF2B8B844A0011545F /* ArticlesData+CoreDataClass.swift */,
				A1BA55D02B8B844A0011545F /* ArticlesData+CoreDataProperties.swift */,
				A1BA55D12B8B844A0011545F /* PersonData+CoreDataClass.swift */,
				A1BA55D22B8B844A0011545F /* PersonData+CoreDataProperties.swift */,
			);
			path = Models;
			sourceTree = "<group>";
		};
		A14E71B22B8B463700903ED7 /* Authentication */ = {
			isa = PBXGroup;
			children = (
				A14E71B32B8B464200903ED7 /* Views */,
				A14E71BE2B8B4AF900903ED7 /* ViewModel */,
			);
			path = Authentication;
			sourceTree = "<group>";
		};
		A14E71B32B8B464200903ED7 /* Views */ = {
			isa = PBXGroup;
			children = (
				A14E71B42B8B464C00903ED7 /* SignUpView.swift */,
				A14E71C32B8B516B00903ED7 /* LoginView.swift */,
			);
			path = Views;
			sourceTree = "<group>";
		};
		A14E71BE2B8B4AF900903ED7 /* ViewModel */ = {
			isa = PBXGroup;
			children = (
				A14E71BF2B8B4B0400903ED7 /* AuthViewModel.swift */,
			);
			path = ViewModel;
			sourceTree = "<group>";
		};
		A17CD8E92B8A4B0A00D97DDA /* Images */ = {
			isa = PBXGroup;
			children = (
				A17CD8EC2B8A4C1B00D97DDA /* NewsImageLoader.swift */,
				A17CD8EA2B8A4B1D00D97DDA /* ImageLoader.swift */,
				A14E716A2B8AFB5700903ED7 /* ImageCache.swift */,
			);
			path = Images;
			sourceTree = "<group>";
		};
/* End PBXGroup section */

/* Begin PBXNativeTarget section */
		A1304E622B89C0360078A240 /* NewsApp */ = {
			isa = PBXNativeTarget;
			buildConfigurationList = A1304E712B89C0380078A240 /* Build configuration list for PBXNativeTarget "NewsApp" */;
			buildPhases = (
				A1304E5F2B89C0360078A240 /* Sources */,
				A1304E602B89C0360078A240 /* Frameworks */,
				A1304E612B89C0360078A240 /* Resources */,
			);
			buildRules = (
			);
			dependencies = (
			);
			name = NewsApp;
			productName = NewsApp;
			productReference = A1304E632B89C0360078A240 /* NewsApp.app */;
			productType = "com.apple.product-type.application";
		};
		A14E717B2B8B275100903ED7 /* NewsAppTests */ = {
			isa = PBXNativeTarget;
			buildConfigurationList = A14E71822B8B275100903ED7 /* Build configuration list for PBXNativeTarget "NewsAppTests" */;
			buildPhases = (
				A14E71782B8B275100903ED7 /* Sources */,
				A14E71792B8B275100903ED7 /* Frameworks */,
				A14E717A2B8B275100903ED7 /* Resources */,
			);
			buildRules = (
			);
			dependencies = (
				A14E71812B8B275100903ED7 /* PBXTargetDependency */,
			);
			name = NewsAppTests;
			productName = NewsAppTests;
			productReference = A14E717C2B8B275100903ED7 /* NewsAppTests.xctest */;
			productType = "com.apple.product-type.bundle.unit-test";
		};
/* End PBXNativeTarget section */

/* Begin PBXProject section */
		A1304E5B2B89C0360078A240 /* Project object */ = {
			isa = PBXProject;
			attributes = {
				BuildIndependentTargetsInParallel = 1;
				LastSwiftUpdateCheck = 1520;
				LastUpgradeCheck = 1520;
				TargetAttributes = {
					A1304E622B89C0360078A240 = {
						CreatedOnToolsVersion = 15.2;
					};
					A14E717B2B8B275100903ED7 = {
						CreatedOnToolsVersion = 15.2;
						TestTargetID = A1304E622B89C0360078A240;
					};
				};
			};
			buildConfigurationList = A1304E5E2B89C0360078A240 /* Build configuration list for PBXProject "NewsApp" */;
			compatibilityVersion = "Xcode 14.0";
			developmentRegion = en;
			hasScannedForEncodings = 0;
			knownRegions = (
				en,
				Base,
			);
			mainGroup = A1304E5A2B89C0360078A240;
			productRefGroup = A1304E642B89C0360078A240 /* Products */;
			projectDirPath = "";
			projectRoot = "";
			targets = (
				A1304E622B89C0360078A240 /* NewsApp */,
				A14E717B2B8B275100903ED7 /* NewsAppTests */,
			);
		};
/* End PBXProject section */

/* Begin PBXResourcesBuildPhase section */
		A1304E612B89C0360078A240 /* Resources */ = {
			isa = PBXResourcesBuildPhase;
			buildActionMask = 2147483647;
			files = (
				A1304E6E2B89C0380078A240 /* Preview Assets.xcassets in Resources */,
				A1304E6B2B89C0380078A240 /* Assets.xcassets in Resources */,
			);
			runOnlyForDeploymentPostprocessing = 0;
		};
		A14E717A2B8B275100903ED7 /* Resources */ = {
			isa = PBXResourcesBuildPhase;
			buildActionMask = 2147483647;
			files = (
			);
			runOnlyForDeploymentPostprocessing = 0;
		};
/* End PBXResourcesBuildPhase section */

/* Begin PBXSourcesBuildPhase section */
		A1304E5F2B89C0360078A240 /* Sources */ = {
			isa = PBXSourcesBuildPhase;
			buildActionMask = 2147483647;
			files = (
				A1BA55D52B8B844A0011545F /* PersonData+CoreDataClass.swift in Sources */,
				A1533C222B8A356300455DB1 /* NewsTabView.swift in Sources */,
				A1484B6F2B8B5505006106C5 /* RootView.swift in Sources */,
				A1533C1C2B8A298500455DB1 /* BookmarkTabView.swift in Sources */,
				A14E718D2B8B408100903ED7 /* CoreData.xcdatamodeld in Sources */,
				A1BA55D32B8B844A0011545F /* ArticlesData+CoreDataClass.swift in Sources */,
				A1BA55D62B8B844A0011545F /* PersonData+CoreDataProperties.swift in Sources */,
				A1304E892B89E3DA0078A240 /* MockNewsService.swift in Sources */,
				A1533C1E2B8A29F300455DB1 /* EmptyPlaceholderView.swift in Sources */,
				A1304EA72B8A13D80078A240 /* Constants.swift in Sources */,
				A1484B6D2B8B5471006106C5 /* AuthError.swift in Sources */,
				A1304E862B89E3C40078A240 /* NewsDataService.swift in Sources */,
				A1BA55D42B8B844A0011545F /* ArticlesData+CoreDataProperties.swift in Sources */,
				A1304E692B89C0360078A240 /* ContentView.swift in Sources */,
				A14E71C42B8B516B00903ED7 /* LoginView.swift in Sources */,
				A1533C202B8A2CC600455DB1 /* ArticleRowView.swift in Sources */,
				A1304EA32B89FED40078A240 /* ArticleListView.swift in Sources */,
				A1304E672B89C0360078A240 /* NewsApp.swift in Sources */,
				A14E716B2B8AFB5700903ED7 /* ImageCache.swift in Sources */,
				A14E71A82B8B452200903ED7 /* Persistance.swift in Sources */,
				A1304E9E2B89FA9D0078A240 /* TabBarButtonView.swift in Sources */,
				A1304E932B89E7AD0078A240 /* NewsViewModel.swift in Sources */,
				A14E71722B8B15A700903ED7 /* String+Extensions.swift in Sources */,
				A1304EA02B89FAA70078A240 /* CustomTabBarView.swift in Sources */,
				A1533C262B8A373D00455DB1 /* DetailArticleView.swift in Sources */,
				A17CD8ED2B8A4C1B00D97DDA /* NewsImageLoader.swift in Sources */,
				A17CD8EB2B8A4B1D00D97DDA /* ImageLoader.swift in Sources */,
				A1484B7C2B8B6463006106C5 /* Auth.swift in Sources */,
				A14E71862B8B279600903ED7 /* TestData.swift in Sources */,
				A14E71C02B8B4B0400903ED7 /* AuthViewModel.swift in Sources */,
				A1304E7A2B89C54A0078A240 /* News.swift in Sources */,
				A1484B7A2B8B615E006106C5 /* NewsModifiers.swift in Sources */,
				A14E71B52B8B464C00903ED7 /* SignUpView.swift in Sources */,
				A1304E8D2B89E4A40078A240 /* HTTPDataDownloader.swift in Sources */,
				A1304E8F2B89E52A0078A240 /* NewsAPIError.swift in Sources */,
				A1304E982B89F9DB0078A240 /* HelperFunctions.swift in Sources */,
				A1304E782B89C3990078A240 /* Article.swift in Sources */,
				A1304E9C2B89FA710078A240 /* Tabs.swift in Sources */,
				A1304EA52B8A08C80078A240 /* ArticleBookmarkViewModel.swift in Sources */,
			);
			runOnlyForDeploymentPostprocessing = 0;
		};
		A14E71782B8B275100903ED7 /* Sources */ = {
			isa = PBXSourcesBuildPhase;
			buildActionMask = 2147483647;
			files = (
				A14E717F2B8B275100903ED7 /* NewsAppTests.swift in Sources */,
				A14E71872B8B279600903ED7 /* TestData.swift in Sources */,
			);
			runOnlyForDeploymentPostprocessing = 0;
		};
/* End PBXSourcesBuildPhase section */

/* Begin PBXTargetDependency section */
		A14E71812B8B275100903ED7 /* PBXTargetDependency */ = {
			isa = PBXTargetDependency;
			target = A1304E622B89C0360078A240 /* NewsApp */;
			targetProxy = A14E71802B8B275100903ED7 /* PBXContainerItemProxy */;
		};
/* End PBXTargetDependency section */

/* Begin XCBuildConfiguration section */
		A1304E6F2B89C0380078A240 /* Debug */ = {
			isa = XCBuildConfiguration;
			buildSettings = {
				ALWAYS_SEARCH_USER_PATHS = NO;
				ASSETCATALOG_COMPILER_GENERATE_SWIFT_ASSET_SYMBOL_EXTENSIONS = YES;
				CLANG_ANALYZER_NONNULL = YES;
				CLANG_ANALYZER_NUMBER_OBJECT_CONVERSION = YES_AGGRESSIVE;
				CLANG_CXX_LANGUAGE_STANDARD = "gnu++20";
				CLANG_ENABLE_MODULES = YES;
				CLANG_ENABLE_OBJC_ARC = YES;
				CLANG_ENABLE_OBJC_WEAK = YES;
				CLANG_WARN_BLOCK_CAPTURE_AUTORELEASING = YES;
				CLANG_WARN_BOOL_CONVERSION = YES;
				CLANG_WARN_COMMA = YES;
				CLANG_WARN_CONSTANT_CONVERSION = YES;
				CLANG_WARN_DEPRECATED_OBJC_IMPLEMENTATIONS = YES;
				CLANG_WARN_DIRECT_OBJC_ISA_USAGE = YES_ERROR;
				CLANG_WARN_DOCUMENTATION_COMMENTS = YES;
				CLANG_WARN_EMPTY_BODY = YES;
				CLANG_WARN_ENUM_CONVERSION = YES;
				CLANG_WARN_INFINITE_RECURSION = YES;
				CLANG_WARN_INT_CONVERSION = YES;
				CLANG_WARN_NON_LITERAL_NULL_CONVERSION = YES;
				CLANG_WARN_OBJC_IMPLICIT_RETAIN_SELF = YES;
				CLANG_WARN_OBJC_LITERAL_CONVERSION = YES;
				CLANG_WARN_OBJC_ROOT_CLASS = YES_ERROR;
				CLANG_WARN_QUOTED_INCLUDE_IN_FRAMEWORK_HEADER = YES;
				CLANG_WARN_RANGE_LOOP_ANALYSIS = YES;
				CLANG_WARN_STRICT_PROTOTYPES = YES;
				CLANG_WARN_SUSPICIOUS_MOVE = YES;
				CLANG_WARN_UNGUARDED_AVAILABILITY = YES_AGGRESSIVE;
				CLANG_WARN_UNREACHABLE_CODE = YES;
				CLANG_WARN__DUPLICATE_METHOD_MATCH = YES;
				COPY_PHASE_STRIP = NO;
				DEBUG_INFORMATION_FORMAT = dwarf;
				ENABLE_STRICT_OBJC_MSGSEND = YES;
				ENABLE_TESTABILITY = YES;
				ENABLE_USER_SCRIPT_SANDBOXING = YES;
				GCC_C_LANGUAGE_STANDARD = gnu17;
				GCC_DYNAMIC_NO_PIC = NO;
				GCC_NO_COMMON_BLOCKS = YES;
				GCC_OPTIMIZATION_LEVEL = 0;
				GCC_PREPROCESSOR_DEFINITIONS = (
					"DEBUG=1",
					"$(inherited)",
				);
				GCC_WARN_64_TO_32_BIT_CONVERSION = YES;
				GCC_WARN_ABOUT_RETURN_TYPE = YES_ERROR;
				GCC_WARN_UNDECLARED_SELECTOR = YES;
				GCC_WARN_UNINITIALIZED_AUTOS = YES_AGGRESSIVE;
				GCC_WARN_UNUSED_FUNCTION = YES;
				GCC_WARN_UNUSED_VARIABLE = YES;
				IPHONEOS_DEPLOYMENT_TARGET = 15.0;
				LOCALIZATION_PREFERS_STRING_CATALOGS = YES;
				MTL_ENABLE_DEBUG_INFO = INCLUDE_SOURCE;
				MTL_FAST_MATH = YES;
				ONLY_ACTIVE_ARCH = YES;
				SDKROOT = iphoneos;
				SWIFT_ACTIVE_COMPILATION_CONDITIONS = "DEBUG $(inherited)";
				SWIFT_OPTIMIZATION_LEVEL = "-Onone";
			};
			name = Debug;
		};
		A1304E702B89C0380078A240 /* Release */ = {
			isa = XCBuildConfiguration;
			buildSettings = {
				ALWAYS_SEARCH_USER_PATHS = NO;
				ASSETCATALOG_COMPILER_GENERATE_SWIFT_ASSET_SYMBOL_EXTENSIONS = YES;
				CLANG_ANALYZER_NONNULL = YES;
				CLANG_ANALYZER_NUMBER_OBJECT_CONVERSION = YES_AGGRESSIVE;
				CLANG_CXX_LANGUAGE_STANDARD = "gnu++20";
				CLANG_ENABLE_MODULES = YES;
				CLANG_ENABLE_OBJC_ARC = YES;
				CLANG_ENABLE_OBJC_WEAK = YES;
				CLANG_WARN_BLOCK_CAPTURE_AUTORELEASING = YES;
				CLANG_WARN_BOOL_CONVERSION = YES;
				CLANG_WARN_COMMA = YES;
				CLANG_WARN_CONSTANT_CONVERSION = YES;
				CLANG_WARN_DEPRECATED_OBJC_IMPLEMENTATIONS = YES;
				CLANG_WARN_DIRECT_OBJC_ISA_USAGE = YES_ERROR;
				CLANG_WARN_DOCUMENTATION_COMMENTS = YES;
				CLANG_WARN_EMPTY_BODY = YES;
				CLANG_WARN_ENUM_CONVERSION = YES;
				CLANG_WARN_INFINITE_RECURSION = YES;
				CLANG_WARN_INT_CONVERSION = YES;
				CLANG_WARN_NON_LITERAL_NULL_CONVERSION = YES;
				CLANG_WARN_OBJC_IMPLICIT_RETAIN_SELF = YES;
				CLANG_WARN_OBJC_LITERAL_CONVERSION = YES;
				CLANG_WARN_OBJC_ROOT_CLASS = YES_ERROR;
				CLANG_WARN_QUOTED_INCLUDE_IN_FRAMEWORK_HEADER = YES;
				CLANG_WARN_RANGE_LOOP_ANALYSIS = YES;
				CLANG_WARN_STRICT_PROTOTYPES = YES;
				CLANG_WARN_SUSPICIOUS_MOVE = YES;
				CLANG_WARN_UNGUARDED_AVAILABILITY = YES_AGGRESSIVE;
				CLANG_WARN_UNREACHABLE_CODE = YES;
				CLANG_WARN__DUPLICATE_METHOD_MATCH = YES;
				COPY_PHASE_STRIP = NO;
				DEBUG_INFORMATION_FORMAT = "dwarf-with-dsym";
				ENABLE_NS_ASSERTIONS = NO;
				ENABLE_STRICT_OBJC_MSGSEND = YES;
				ENABLE_USER_SCRIPT_SANDBOXING = YES;
				GCC_C_LANGUAGE_STANDARD = gnu17;
				GCC_NO_COMMON_BLOCKS = YES;
				GCC_WARN_64_TO_32_BIT_CONVERSION = YES;
				GCC_WARN_ABOUT_RETURN_TYPE = YES_ERROR;
				GCC_WARN_UNDECLARED_SELECTOR = YES;
				GCC_WARN_UNINITIALIZED_AUTOS = YES_AGGRESSIVE;
				GCC_WARN_UNUSED_FUNCTION = YES;
				GCC_WARN_UNUSED_VARIABLE = YES;
				IPHONEOS_DEPLOYMENT_TARGET = 15.0;
				LOCALIZATION_PREFERS_STRING_CATALOGS = YES;
				MTL_ENABLE_DEBUG_INFO = NO;
				MTL_FAST_MATH = YES;
				SDKROOT = iphoneos;
				SWIFT_COMPILATION_MODE = wholemodule;
				VALIDATE_PRODUCT = YES;
			};
			name = Release;
		};
		A1304E722B89C0380078A240 /* Debug */ = {
			isa = XCBuildConfiguration;
			buildSettings = {
				ASSETCATALOG_COMPILER_APPICON_NAME = AppIcon;
				ASSETCATALOG_COMPILER_GLOBAL_ACCENT_COLOR_NAME = AccentColor;
				CODE_SIGN_STYLE = Automatic;
				CURRENT_PROJECT_VERSION = 1;
				DEVELOPMENT_ASSET_PATHS = "\"NewsApp/Preview Content\"";
				DEVELOPMENT_TEAM = 9V5HHJM5MV;
				ENABLE_PREVIEWS = YES;
				GENERATE_INFOPLIST_FILE = YES;
				INFOPLIST_KEY_UIApplicationSceneManifest_Generation = YES;
				INFOPLIST_KEY_UIApplicationSupportsIndirectInputEvents = YES;
				INFOPLIST_KEY_UILaunchScreen_Generation = YES;
				INFOPLIST_KEY_UISupportedInterfaceOrientations_iPad = "UIInterfaceOrientationPortrait UIInterfaceOrientationPortraitUpsideDown UIInterfaceOrientationLandscapeLeft UIInterfaceOrientationLandscapeRight";
				INFOPLIST_KEY_UISupportedInterfaceOrientations_iPhone = "UIInterfaceOrientationPortrait UIInterfaceOrientationLandscapeLeft UIInterfaceOrientationLandscapeRight";
				IPHONEOS_DEPLOYMENT_TARGET = 15.0;
				LD_RUNPATH_SEARCH_PATHS = (
					"$(inherited)",
					"@executable_path/Frameworks",
				);
				MARKETING_VERSION = 1.0;
				PRODUCT_BUNDLE_IDENTIFIER = tech.pegb.rahmonali;
				PRODUCT_NAME = "$(TARGET_NAME)";
				SWIFT_EMIT_LOC_STRINGS = YES;
				SWIFT_VERSION = 5.0;
				TARGETED_DEVICE_FAMILY = "1,2";
			};
			name = Debug;
		};
		A1304E732B89C0380078A240 /* Release */ = {
			isa = XCBuildConfiguration;
			buildSettings = {
				ASSETCATALOG_COMPILER_APPICON_NAME = AppIcon;
				ASSETCATALOG_COMPILER_GLOBAL_ACCENT_COLOR_NAME = AccentColor;
				CODE_SIGN_STYLE = Automatic;
				CURRENT_PROJECT_VERSION = 1;
				DEVELOPMENT_ASSET_PATHS = "\"NewsApp/Preview Content\"";
				DEVELOPMENT_TEAM = 9V5HHJM5MV;
				ENABLE_PREVIEWS = YES;
				GENERATE_INFOPLIST_FILE = YES;
				INFOPLIST_KEY_UIApplicationSceneManifest_Generation = YES;
				INFOPLIST_KEY_UIApplicationSupportsIndirectInputEvents = YES;
				INFOPLIST_KEY_UILaunchScreen_Generation = YES;
				INFOPLIST_KEY_UISupportedInterfaceOrientations_iPad = "UIInterfaceOrientationPortrait UIInterfaceOrientationPortraitUpsideDown UIInterfaceOrientationLandscapeLeft UIInterfaceOrientationLandscapeRight";
				INFOPLIST_KEY_UISupportedInterfaceOrientations_iPhone = "UIInterfaceOrientationPortrait UIInterfaceOrientationLandscapeLeft UIInterfaceOrientationLandscapeRight";
				IPHONEOS_DEPLOYMENT_TARGET = 15.0;
				LD_RUNPATH_SEARCH_PATHS = (
					"$(inherited)",
					"@executable_path/Frameworks",
				);
				MARKETING_VERSION = 1.0;
				PRODUCT_BUNDLE_IDENTIFIER = tech.pegb.rahmonali;
				PRODUCT_NAME = "$(TARGET_NAME)";
				SWIFT_EMIT_LOC_STRINGS = YES;
				SWIFT_VERSION = 5.0;
				TARGETED_DEVICE_FAMILY = "1,2";
			};
			name = Release;
		};
		A14E71832B8B275100903ED7 /* Debug */ = {
			isa = XCBuildConfiguration;
			buildSettings = {
				BUNDLE_LOADER = "$(TEST_HOST)";
				CODE_SIGN_STYLE = Automatic;
				CURRENT_PROJECT_VERSION = 1;
				DEVELOPMENT_TEAM = 9V5HHJM5MV;
				GENERATE_INFOPLIST_FILE = YES;
				IPHONEOS_DEPLOYMENT_TARGET = 17.2;
				MARKETING_VERSION = 1.0;
				PRODUCT_BUNDLE_IDENTIFIER = tech.pegb.rahmonali.NewsAppTests;
				PRODUCT_NAME = "$(TARGET_NAME)";
				SWIFT_EMIT_LOC_STRINGS = NO;
				SWIFT_VERSION = 5.0;
				TARGETED_DEVICE_FAMILY = "1,2";
				TEST_HOST = "$(BUILT_PRODUCTS_DIR)/NewsApp.app/$(BUNDLE_EXECUTABLE_FOLDER_PATH)/NewsApp";
			};
			name = Debug;
		};
		A14E71842B8B275100903ED7 /* Release */ = {
			isa = XCBuildConfiguration;
			buildSettings = {
				BUNDLE_LOADER = "$(TEST_HOST)";
				CODE_SIGN_STYLE = Automatic;
				CURRENT_PROJECT_VERSION = 1;
				DEVELOPMENT_TEAM = 9V5HHJM5MV;
				GENERATE_INFOPLIST_FILE = YES;
				IPHONEOS_DEPLOYMENT_TARGET = 17.2;
				MARKETING_VERSION = 1.0;
				PRODUCT_BUNDLE_IDENTIFIER = tech.pegb.rahmonali.NewsAppTests;
				PRODUCT_NAME = "$(TARGET_NAME)";
				SWIFT_EMIT_LOC_STRINGS = NO;
				SWIFT_VERSION = 5.0;
				TARGETED_DEVICE_FAMILY = "1,2";
				TEST_HOST = "$(BUILT_PRODUCTS_DIR)/NewsApp.app/$(BUNDLE_EXECUTABLE_FOLDER_PATH)/NewsApp";
			};
			name = Release;
		};
/* End XCBuildConfiguration section */

/* Begin XCConfigurationList section */
		A1304E5E2B89C0360078A240 /* Build configuration list for PBXProject "NewsApp" */ = {
			isa = XCConfigurationList;
			buildConfigurations = (
				A1304E6F2B89C0380078A240 /* Debug */,
				A1304E702B89C0380078A240 /* Release */,
			);
			defaultConfigurationIsVisible = 0;
			defaultConfigurationName = Release;
		};
		A1304E712B89C0380078A240 /* Build configuration list for PBXNativeTarget "NewsApp" */ = {
			isa = XCConfigurationList;
			buildConfigurations = (
				A1304E722B89C0380078A240 /* Debug */,
				A1304E732B89C0380078A240 /* Release */,
			);
			defaultConfigurationIsVisible = 0;
			defaultConfigurationName = Release;
		};
		A14E71822B8B275100903ED7 /* Build configuration list for PBXNativeTarget "NewsAppTests" */ = {
			isa = XCConfigurationList;
			buildConfigurations = (
				A14E71832B8B275100903ED7 /* Debug */,
				A14E71842B8B275100903ED7 /* Release */,
			);
			defaultConfigurationIsVisible = 0;
			defaultConfigurationName = Release;
		};
/* End XCConfigurationList section */

/* Begin XCVersionGroup section */
		A14E718B2B8B408100903ED7 /* CoreData.xcdatamodeld */ = {
			isa = XCVersionGroup;
			children = (
				A14E718C2B8B408100903ED7 /* CoreData.xcdatamodel */,
			);
			currentVersion = A14E718C2B8B408100903ED7 /* CoreData.xcdatamodel */;
			path = CoreData.xcdatamodeld;
			sourceTree = "<group>";
			versionGroupType = wrapper.xcdatamodel;
		};
/* End XCVersionGroup section */
	};
	rootObject = A1304E5B2B89C0360078A240 /* Project object */;
}
